
Microsoft Visual Studio Solution File, Format Version 12.00
# Visual Studio 15
Project("{FAE04EC0-301F-11D3-BF4B-00C04F79EFBC}") = "YamlDotNet", "YamlDotNet.csproj", "{2EA0BE93-1399-7CAC-C853-54184855E022}"
EndProject
Project("{FAE04EC0-301F-11D3-BF4B-00C04F79EFBC}") = "Assembly-CSharp", "Assembly-CSharp.csproj", "{2CDF63FF-E109-3912-4D41-147451CA3E69}"
EndProject
Project("{FAE04EC0-301F-11D3-BF4B-00C04F79EFBC}") = "YamlDotNet.Examples", "YamlDotNet.Examples.csproj", "{FFC61862-239E-9634-4940-5A803C7F42A4}"
EndProject
Project("{FAE04EC0-301F-11D3-BF4B-00C04F79EFBC}") = "Assembly-CSharp-Editor", "Assembly-CSharp-Editor.csproj", "{B502C10C-BAD7-4F22-2C56-7496B869F37B}"
EndProject
Global
	GlobalSection(SolutionConfigurationPlatforms) = preSolution
		Debug|Any CPU = Debug|Any CPU
		Release|Any CPU = Release|Any CPU
	EndGlobalSection
	GlobalSection(ProjectConfigurationPlatforms) = postSolution
		{2EA0BE93-1399-7CAC-C853-54184855E022}.Debug|Any CPU.ActiveCfg = Debug|Any CPU
		{2EA0BE93-1399-7CAC-C853-54184855E022}.Debug|Any CPU.Build.0 = Debug|Any CPU
		{2EA0BE93-1399-7CAC-C853-54184855E022}.Release|Any CPU.ActiveCfg = Release|Any CPU
		{2EA0BE93-1399-7CAC-C853-54184855E022}.Release|Any CPU.Build.0 = Release|Any CPU
		{2CDF63FF-E109-3912-4D41-147451CA3E69}.Debug|Any CPU.ActiveCfg = Debug|Any CPU
		{2CDF63FF-E109-3912-4D41-147451CA3E69}.Debug|Any CPU.Build.0 = Debug|Any CPU
		{2CDF63FF-E109-3912-4D41-147451CA3E69}.Release|Any CPU.ActiveCfg = Release|Any CPU
		{2CDF63FF-E109-3912-4D41-147451CA3E69}.Release|Any CPU.Build.0 = Release|Any CPU
		{FFC61862-239E-9634-4940-5A803C7F42A4}.Debug|Any CPU.ActiveCfg = Debug|Any CPU
		{FFC61862-239E-9634-4940-5A803C7F42A4}.Debug|Any CPU.Build.0 = Debug|Any CPU
		{FFC61862-239E-9634-4940-5A803C7F42A4}.Release|Any CPU.ActiveCfg = Release|Any CPU
		{FFC61862-239E-9634-4940-5A803C7F42A4}.Release|Any CPU.Build.0 = Release|Any CPU
		{B502C10C-BAD7-4F22-2C56-7496B869F37B}.Debug|Any CPU.ActiveCfg = Debug|Any CPU
		{B502C10C-BAD7-4F22-2C56-7496B869F37B}.Debug|Any CPU.Build.0 = Debug|Any CPU
		{B502C10C-BAD7-4F22-2C56-7496B869F37B}.Release|Any CPU.ActiveCfg = Release|Any CPU
		{B502C10C-BAD7-4F22-2C56-7496B869F37B}.Release|Any CPU.Build.0 = Release|Any CPU
	EndGlobalSection
	GlobalSection(SolutionProperties) = preSolution
		HideSolutionNode = FALSE
	EndGlobalSection
EndGlobal
